
Microsoft Visual Studio Solution File, Format Version 12.00
# Visual Studio Version 16
VisualStudioVersion = 16.0.30309.148
MinimumVisualStudioVersion = 10.0.40219.1
Project("{FAE04EC0-301F-11D3-BF4B-00C04F79EFBC}") = "nand-client", "nand-client.csproj", "{EEE6BC59-6410-42A2-8565-1F09CF1BCEC6}"
EndProject
Global
	GlobalSection(SolutionConfigurationPlatforms) = preSolution
		Debug|Any CPU = Debug|Any CPU
		Release|Any CPU = Release|Any CPU
	EndGlobalSection
	GlobalSection(ProjectConfigurationPlatforms) = postSolution
		{EEE6BC59-6410-42A2-8565-1F09CF1BCEC6}.Debug|Any CPU.ActiveCfg = Debug|Any CPU
		{EEE6BC59-6410-42A2-8565-1F09CF1BCEC6}.Debug|Any CPU.Build.0 = Debug|Any CPU
		{EEE6BC59-6410-42A2-8565-1F09CF1BCEC6}.Release|Any CPU.ActiveCfg = Release|Any CPU
		{EEE6BC59-6410-42A2-8565-1F09CF1BCEC6}.Release|Any CPU.Build.0 = Release|Any CPU
	EndGlobalSection
	GlobalSection(SolutionProperties) = preSolution
		HideSolutionNode = FALSE
	EndGlobalSection
	GlobalSection(ExtensibilityGlobals) = postSolution
		SolutionGuid = {10A3B721-9FA7-433E-9FE2-E6443D2E7F5A}
	EndGlobalSection
EndGlobal
